
Microsoft Visual Studio Solution File, Format Version 12.00
# Visual Studio 15
VisualStudioVersion = 15.0.26430.13
MinimumVisualStudioVersion = 10.0.40219.1
Project("{8BC9CEB8-8B4A-11D0-8D11-00A0C91BC942}") = "B2M2.Engine", "B2M2.Engine\B2M2.Engine.vcxproj", "{6BD192A6-5A73-4196-9359-65CFAE71FE47}"
	ProjectSection(ProjectDependencies) = postProject
		{C0D8E1B6-59DB-4D81-8B72-5405C8FA2ED8} = {C0D8E1B6-59DB-4D81-8B72-5405C8FA2ED8}
	EndProjectSection
EndProject
Project("{FAE04EC0-301F-11D3-BF4B-00C04F79EFBC}") = "Arch.Editor", "B2M2.Editor\Arch.Editor.csproj", "{CAF9A7E8-8DF3-4161-B3D3-C3F00182A03E}"
EndProject
Project("{8BC9CEB8-8B4A-11D0-8D11-00A0C91BC942}") = "B2M2.Engine.Common", "B2M2.Engine.Common\B2M2.Engine.Common.vcxproj", "{C0D8E1B6-59DB-4D81-8B72-5405C8FA2ED8}"
EndProject
Project("{8BC9CEB8-8B4A-11D0-8D11-00A0C91BC942}") = "B2M2.Engine.CLR", "B2M2.Engine.CLR\B2M2.Engine.CLR.vcxproj", "{292E805B-FBB1-4AB3-A2B9-A506620D00B6}"
	ProjectSection(ProjectDependencies) = postProject
		{C0D8E1B6-59DB-4D81-8B72-5405C8FA2ED8} = {C0D8E1B6-59DB-4D81-8B72-5405C8FA2ED8}
	EndProjectSection
EndProject
Project("{2150E333-8FDC-42A3-9474-1A3956D46DE8}") = "Native", "Native", "{D3B115AF-81B4-4FDB-8603-C3239140F95C}"
EndProject
Project("{2150E333-8FDC-42A3-9474-1A3956D46DE8}") = "Managed", "Managed", "{D9282F88-8697-4F13-9D2D-355EDEA883C9}"
EndProject
Project("{2150E333-8FDC-42A3-9474-1A3956D46DE8}") = "Tools", "Tools", "{92426A39-6495-455C-AD79-AE044FB67E4D}"
EndProject
Project("{2150E333-8FDC-42A3-9474-1A3956D46DE8}") = "Dependencies", "Dependencies", "{66676828-1A0E-475A-875E-1E583E6BCBA9}"
EndProject
Project("{8BC9CEB8-8B4A-11D0-8D11-00A0C91BC942}") = "Box2D", "B2M2.Engine.Common\ThirdParty\Sources\Box2D\Build\vs2013\Box2D.vcxproj", "{98400D17-43A5-1A40-95BE-C53AC78E7694}"
EndProject
Project("{FAE04EC0-301F-11D3-BF4B-00C04F79EFBC}") = "Arch.Editor.UIToolkit", "Arch.Editor.UIToolkit\Arch.Editor.UIToolkit.csproj", "{02E4A77C-7398-486B-AD4B-51E16FA93B5E}"
EndProject
Global
	GlobalSection(SolutionConfigurationPlatforms) = preSolution
		Debug|Any CPU = Debug|Any CPU
		Debug|x64 = Debug|x64
		Debug|x86 = Debug|x86
		Release|Any CPU = Release|Any CPU
		Release|x64 = Release|x64
		Release|x86 = Release|x86
	EndGlobalSection
	GlobalSection(ProjectConfigurationPlatforms) = postSolution
		{6BD192A6-5A73-4196-9359-65CFAE71FE47}.Debug|Any CPU.ActiveCfg = Debug|Win32
		{6BD192A6-5A73-4196-9359-65CFAE71FE47}.Debug|x64.ActiveCfg = Debug|x64
		{6BD192A6-5A73-4196-9359-65CFAE71FE47}.Debug|x64.Build.0 = Debug|x64
		{6BD192A6-5A73-4196-9359-65CFAE71FE47}.Debug|x86.ActiveCfg = Debug|Win32
		{6BD192A6-5A73-4196-9359-65CFAE71FE47}.Debug|x86.Build.0 = Debug|Win32
		{6BD192A6-5A73-4196-9359-65CFAE71FE47}.Release|Any CPU.ActiveCfg = Release|Win32
		{6BD192A6-5A73-4196-9359-65CFAE71FE47}.Release|x64.ActiveCfg = Release|x64
		{6BD192A6-5A73-4196-9359-65CFAE71FE47}.Release|x64.Build.0 = Release|x64
		{6BD192A6-5A73-4196-9359-65CFAE71FE47}.Release|x86.ActiveCfg = Release|Win32
		{6BD192A6-5A73-4196-9359-65CFAE71FE47}.Release|x86.Build.0 = Release|Win32
		{CAF9A7E8-8DF3-4161-B3D3-C3F00182A03E}.Debug|Any CPU.ActiveCfg = Debug|Any CPU
		{CAF9A7E8-8DF3-4161-B3D3-C3F00182A03E}.Debug|Any CPU.Build.0 = Debug|Any CPU
		{CAF9A7E8-8DF3-4161-B3D3-C3F00182A03E}.Debug|x64.ActiveCfg = Debug|Any CPU
		{CAF9A7E8-8DF3-4161-B3D3-C3F00182A03E}.Debug|x64.Build.0 = Debug|Any CPU
		{CAF9A7E8-8DF3-4161-B3D3-C3F00182A03E}.Debug|x86.ActiveCfg = Debug|x86
		{CAF9A7E8-8DF3-4161-B3D3-C3F00182A03E}.Debug|x86.Build.0 = Debug|x86
		{CAF9A7E8-8DF3-4161-B3D3-C3F00182A03E}.Release|Any CPU.ActiveCfg = Release|Any CPU
		{CAF9A7E8-8DF3-4161-B3D3-C3F00182A03E}.Release|Any CPU.Build.0 = Release|Any CPU
		{CAF9A7E8-8DF3-4161-B3D3-C3F00182A03E}.Release|x64.ActiveCfg = Release|Any CPU
		{CAF9A7E8-8DF3-4161-B3D3-C3F00182A03E}.Release|x64.Build.0 = Release|Any CPU
		{CAF9A7E8-8DF3-4161-B3D3-C3F00182A03E}.Release|x86.ActiveCfg = Release|Any CPU
		{CAF9A7E8-8DF3-4161-B3D3-C3F00182A03E}.Release|x86.Build.0 = Release|Any CPU
		{C0D8E1B6-59DB-4D81-8B72-5405C8FA2ED8}.Debug|Any CPU.ActiveCfg = Debug|Win32
		{C0D8E1B6-59DB-4D81-8B72-5405C8FA2ED8}.Debug|x64.ActiveCfg = Debug|x64
		{C0D8E1B6-59DB-4D81-8B72-5405C8FA2ED8}.Debug|x64.Build.0 = Debug|x64
		{C0D8E1B6-59DB-4D81-8B72-5405C8FA2ED8}.Debug|x86.ActiveCfg = Debug|Win32
		{C0D8E1B6-59DB-4D81-8B72-5405C8FA2ED8}.Debug|x86.Build.0 = Debug|Win32
		{C0D8E1B6-59DB-4D81-8B72-5405C8FA2ED8}.Release|Any CPU.ActiveCfg = Release|Win32
		{C0D8E1B6-59DB-4D81-8B72-5405C8FA2ED8}.Release|x64.ActiveCfg = Release|x64
		{C0D8E1B6-59DB-4D81-8B72-5405C8FA2ED8}.Release|x64.Build.0 = Release|x64
		{C0D8E1B6-59DB-4D81-8B72-5405C8FA2ED8}.Release|x86.ActiveCfg = Release|Win32
		{C0D8E1B6-59DB-4D81-8B72-5405C8FA2ED8}.Release|x86.Build.0 = Release|Win32
		{292E805B-FBB1-4AB3-A2B9-A506620D00B6}.Debug|Any CPU.ActiveCfg = Debug|Win32
		{292E805B-FBB1-4AB3-A2B9-A506620D00B6}.Debug|x64.ActiveCfg = Debug|x64
		{292E805B-FBB1-4AB3-A2B9-A506620D00B6}.Debug|x64.Build.0 = Debug|x64
		{292E805B-FBB1-4AB3-A2B9-A506620D00B6}.Debug|x86.ActiveCfg = Debug|Win32
		{292E805B-FBB1-4AB3-A2B9-A506620D00B6}.Debug|x86.Build.0 = Debug|Win32
		{292E805B-FBB1-4AB3-A2B9-A506620D00B6}.Release|Any CPU.ActiveCfg = Release|Win32
		{292E805B-FBB1-4AB3-A2B9-A506620D00B6}.Release|x64.ActiveCfg = Release|x64
		{292E805B-FBB1-4AB3-A2B9-A506620D00B6}.Release|x64.Build.0 = Release|x64
		{292E805B-FBB1-4AB3-A2B9-A506620D00B6}.Release|x86.ActiveCfg = Release|Win32
		{292E805B-FBB1-4AB3-A2B9-A506620D00B6}.Release|x86.Build.0 = Release|Win32
		{98400D17-43A5-1A40-95BE-C53AC78E7694}.Debug|Any CPU.ActiveCfg = Debug|Win32
		{98400D17-43A5-1A40-95BE-C53AC78E7694}.Debug|x64.ActiveCfg = Debug|x64
		{98400D17-43A5-1A40-95BE-C53AC78E7694}.Debug|x64.Build.0 = Debug|x64
		{98400D17-43A5-1A40-95BE-C53AC78E7694}.Debug|x86.ActiveCfg = Debug|Win32
		{98400D17-43A5-1A40-95BE-C53AC78E7694}.Debug|x86.Build.0 = Debug|Win32
		{98400D17-43A5-1A40-95BE-C53AC78E7694}.Release|Any CPU.ActiveCfg = Release|Win32
		{98400D17-43A5-1A40-95BE-C53AC78E7694}.Release|x64.ActiveCfg = Release|x64
		{98400D17-43A5-1A40-95BE-C53AC78E7694}.Release|x64.Build.0 = Release|x64
		{98400D17-43A5-1A40-95BE-C53AC78E7694}.Release|x86.ActiveCfg = Release|Win32
		{98400D17-43A5-1A40-95BE-C53AC78E7694}.Release|x86.Build.0 = Release|Win32
		{02E4A77C-7398-486B-AD4B-51E16FA93B5E}.Debug|Any CPU.ActiveCfg = Debug|Any CPU
		{02E4A77C-7398-486B-AD4B-51E16FA93B5E}.Debug|Any CPU.Build.0 = Debug|Any CPU
		{02E4A77C-7398-486B-AD4B-51E16FA93B5E}.Debug|x64.ActiveCfg = Debug|Any CPU
		{02E4A77C-7398-486B-AD4B-51E16FA93B5E}.Debug|x64.Build.0 = Debug|Any CPU
		{02E4A77C-7398-486B-AD4B-51E16FA93B5E}.Debug|x86.ActiveCfg = Debug|Any CPU
		{02E4A77C-7398-486B-AD4B-51E16FA93B5E}.Debug|x86.Build.0 = Debug|Any CPU
		{02E4A77C-7398-486B-AD4B-51E16FA93B5E}.Release|Any CPU.ActiveCfg = Release|Any CPU
		{02E4A77C-7398-486B-AD4B-51E16FA93B5E}.Release|Any CPU.Build.0 = Release|Any CPU
		{02E4A77C-7398-486B-AD4B-51E16FA93B5E}.Release|x64.ActiveCfg = Release|Any CPU
		{02E4A77C-7398-486B-AD4B-51E16FA93B5E}.Release|x64.Build.0 = Release|Any CPU
		{02E4A77C-7398-486B-AD4B-51E16FA93B5E}.Release|x86.ActiveCfg = Release|Any CPU
		{02E4A77C-7398-486B-AD4B-51E16FA93B5E}.Release|x86.Build.0 = Release|Any CPU
	EndGlobalSection
	GlobalSection(SolutionProperties) = preSolution
		HideSolutionNode = FALSE
	EndGlobalSection
	GlobalSection(NestedProjects) = preSolution
		{6BD192A6-5A73-4196-9359-65CFAE71FE47} = {D3B115AF-81B4-4FDB-8603-C3239140F95C}
		{CAF9A7E8-8DF3-4161-B3D3-C3F00182A03E} = {92426A39-6495-455C-AD79-AE044FB67E4D}
		{C0D8E1B6-59DB-4D81-8B72-5405C8FA2ED8} = {D3B115AF-81B4-4FDB-8603-C3239140F95C}
		{292E805B-FBB1-4AB3-A2B9-A506620D00B6} = {D9282F88-8697-4F13-9D2D-355EDEA883C9}
		{66676828-1A0E-475A-875E-1E583E6BCBA9} = {D3B115AF-81B4-4FDB-8603-C3239140F95C}
		{98400D17-43A5-1A40-95BE-C53AC78E7694} = {66676828-1A0E-475A-875E-1E583E6BCBA9}
		{02E4A77C-7398-486B-AD4B-51E16FA93B5E} = {92426A39-6495-455C-AD79-AE044FB67E4D}
	EndGlobalSection
EndGlobal
